// !$*UTF8*$!
{
	archiveVersion = 1;
	classes = {
	};
	objectVersion = 51;
	objects = {

/* Begin PBXBuildFile section */
		0724EA97C5DEC9758DA2F3EA /* Pods_StackOverflow.framework in Frameworks */ = {isa = PBXBuildFile; fileRef = 291EC0F585DF2EB66E2119CB /* Pods_StackOverflow.framework */; };
		32344B1523E45DD800CC40F2 /* Constants.swift in Sources */ = {isa = PBXBuildFile; fileRef = 32344B1423E45DD800CC40F2 /* Constants.swift */; };
		32344B1823E45F0A00CC40F2 /* Reachability.swift in Sources */ = {isa = PBXBuildFile; fileRef = 32344B1723E45F0A00CC40F2 /* Reachability.swift */; };
		32344B1B23E45F3800CC40F2 /* UIViewController+Ext.swift in Sources */ = {isa = PBXBuildFile; fileRef = 32344B1A23E45F3800CC40F2 /* UIViewController+Ext.swift */; };
		32344B1E23E45F7E00CC40F2 /* WebServiceManager.swift in Sources */ = {isa = PBXBuildFile; fileRef = 32344B1D23E45F7E00CC40F2 /* WebServiceManager.swift */; };
		32344B2123E4606600CC40F2 /* Question.swift in Sources */ = {isa = PBXBuildFile; fileRef = 32344B2023E4606600CC40F2 /* Question.swift */; };
		32344B2323E4607A00CC40F2 /* Items.swift in Sources */ = {isa = PBXBuildFile; fileRef = 32344B2223E4607A00CC40F2 /* Items.swift */; };
		325DF74923E417100021BF5A /* AppDelegate.swift in Sources */ = {isa = PBXBuildFile; fileRef = 325DF74823E417100021BF5A /* AppDelegate.swift */; };
		325DF74D23E417100021BF5A /* ViewController.swift in Sources */ = {isa = PBXBuildFile; fileRef = 325DF74C23E417100021BF5A /* ViewController.swift */; };
		325DF75023E417100021BF5A /* Main.storyboard in Resources */ = {isa = PBXBuildFile; fileRef = 325DF74E23E417100021BF5A /* Main.storyboard */; };
		325DF75223E417130021BF5A /* Assets.xcassets in Resources */ = {isa = PBXBuildFile; fileRef = 325DF75123E417130021BF5A /* Assets.xcassets */; };
		325DF75523E417130021BF5A /* LaunchScreen.storyboard in Resources */ = {isa = PBXBuildFile; fileRef = 325DF75323E417130021BF5A /* LaunchScreen.storyboard */; };
/* End PBXBuildFile section */

/* Begin PBXFileReference section */
		04C0B14A5D2D1FC1FF889A60 /* Pods-StackOverflow.debug.xcconfig */ = {isa = PBXFileReference; includeInIndex = 1; lastKnownFileType = text.xcconfig; name = "Pods-StackOverflow.debug.xcconfig"; path = "Target Support Files/Pods-StackOverflow/Pods-StackOverflow.debug.xcconfig"; sourceTree = "<group>"; };
		291EC0F585DF2EB66E2119CB /* Pods_StackOverflow.framework */ = {isa = PBXFileReference; explicitFileType = wrapper.framework; includeInIndex = 0; path = Pods_StackOverflow.framework; sourceTree = BUILT_PRODUCTS_DIR; };
		32344B1423E45DD800CC40F2 /* Constants.swift */ = {isa = PBXFileReference; lastKnownFileType = sourcecode.swift; path = Constants.swift; sourceTree = "<group>"; };
		32344B1723E45F0A00CC40F2 /* Reachability.swift */ = {isa = PBXFileReference; fileEncoding = 4; lastKnownFileType = sourcecode.swift; path = Reachability.swift; sourceTree = "<group>"; };
		32344B1A23E45F3800CC40F2 /* UIViewController+Ext.swift */ = {isa = PBXFileReference; lastKnownFileType = sourcecode.swift; path = "UIViewController+Ext.swift"; sourceTree = "<group>"; };
		32344B1D23E45F7E00CC40F2 /* WebServiceManager.swift */ = {isa = PBXFileReference; lastKnownFileType = sourcecode.swift; path = WebServiceManager.swift; sourceTree = "<group>"; };
		32344B2023E4606600CC40F2 /* Question.swift */ = {isa = PBXFileReference; lastKnownFileType = sourcecode.swift; path = Question.swift; sourceTree = "<group>"; };
		32344B2223E4607A00CC40F2 /* Items.swift */ = {isa = PBXFileReference; lastKnownFileType = sourcecode.swift; path = Items.swift; sourceTree = "<group>"; };
		325DF74523E417100021BF5A /* StackOverflow.app */ = {isa = PBXFileReference; explicitFileType = wrapper.application; includeInIndex = 0; path = StackOverflow.app; sourceTree = BUILT_PRODUCTS_DIR; };
		325DF74823E417100021BF5A /* AppDelegate.swift */ = {isa = PBXFileReference; lastKnownFileType = sourcecode.swift; path = AppDelegate.swift; sourceTree = "<group>"; };
		325DF74C23E417100021BF5A /* ViewController.swift */ = {isa = PBXFileReference; lastKnownFileType = sourcecode.swift; path = ViewController.swift; sourceTree = "<group>"; };
		325DF74F23E417100021BF5A /* Base */ = {isa = PBXFileReference; lastKnownFileType = file.storyboard; name = Base; path = Base.lproj/Main.storyboard; sourceTree = "<group>"; };
		325DF75123E417130021BF5A /* Assets.xcassets */ = {isa = PBXFileReference; lastKnownFileType = folder.assetcatalog; path = Assets.xcassets; sourceTree = "<group>"; };
		325DF75423E417130021BF5A /* Base */ = {isa = PBXFileReference; lastKnownFileType = file.storyboard; name = Base; path = Base.lproj/LaunchScreen.storyboard; sourceTree = "<group>"; };
		325DF75623E417130021BF5A /* Info.plist */ = {isa = PBXFileReference; lastKnownFileType = text.plist.xml; path = Info.plist; sourceTree = "<group>"; };
		EE553451D47BB296353C5A19 /* Pods-StackOverflow.release.xcconfig */ = {isa = PBXFileReference; includeInIndex = 1; lastKnownFileType = text.xcconfig; name = "Pods-StackOverflow.release.xcconfig"; path = "Target Support Files/Pods-StackOverflow/Pods-StackOverflow.release.xcconfig"; sourceTree = "<group>"; };
/* End PBXFileReference section */

/* Begin PBXFrameworksBuildPhase section */
		325DF74223E417100021BF5A /* Frameworks */ = {
			isa = PBXFrameworksBuildPhase;
			buildActionMask = 2147483647;
			files = (
				0724EA97C5DEC9758DA2F3EA /* Pods_StackOverflow.framework in Frameworks */,
			);
			runOnlyForDeploymentPostprocessing = 0;
		};
/* End PBXFrameworksBuildPhase section */

/* Begin PBXGroup section */
		32344B1323E45D6700CC40F2 /* Util */ = {
			isa = PBXGroup;
			children = (
				32344B1423E45DD800CC40F2 /* Constants.swift */,
			);
			path = Util;
			sourceTree = "<group>";
		};
		32344B1623E45EF700CC40F2 /* Reachability */ = {
			isa = PBXGroup;
			children = (
				32344B1723E45F0A00CC40F2 /* Reachability.swift */,
			);
			path = Reachability;
			sourceTree = "<group>";
		};
		32344B1923E45F2300CC40F2 /* Extensions */ = {
			isa = PBXGroup;
			children = (
				32344B1A23E45F3800CC40F2 /* UIViewController+Ext.swift */,
			);
			path = Extensions;
			sourceTree = "<group>";
		};
		32344B1C23E45F7000CC40F2 /* WebServices */ = {
			isa = PBXGroup;
			children = (
				32344B1D23E45F7E00CC40F2 /* WebServiceManager.swift */,
			);
			path = WebServices;
			sourceTree = "<group>";
		};
		32344B1F23E4605B00CC40F2 /* Models */ = {
			isa = PBXGroup;
			children = (
				32344B2023E4606600CC40F2 /* Question.swift */,
				32344B2223E4607A00CC40F2 /* Items.swift */,
			);
			path = Models;
			sourceTree = "<group>";
		};
		325DF73C23E417100021BF5A = {
			isa = PBXGroup;
			children = (
				325DF74723E417100021BF5A /* StackOverflow */,
				325DF74623E417100021BF5A /* Products */,
				8F4456642C5DE69140911697 /* Pods */,
				525B11E1705A7B075A3C8692 /* Frameworks */,
			);
			sourceTree = "<group>";
		};
		325DF74623E417100021BF5A /* Products */ = {
			isa = PBXGroup;
			children = (
				325DF74523E417100021BF5A /* StackOverflow.app */,
			);
			name = Products;
			sourceTree = "<group>";
		};
		325DF74723E417100021BF5A /* StackOverflow */ = {
			isa = PBXGroup;
			children = (
				32344B1F23E4605B00CC40F2 /* Models */,
				32344B1C23E45F7000CC40F2 /* WebServices */,
				32344B1923E45F2300CC40F2 /* Extensions */,
				32344B1623E45EF700CC40F2 /* Reachability */,
				32344B1323E45D6700CC40F2 /* Util */,
				325DF74823E417100021BF5A /* AppDelegate.swift */,
				325DF74C23E417100021BF5A /* ViewController.swift */,
				325DF74E23E417100021BF5A /* Main.storyboard */,
				325DF75123E417130021BF5A /* Assets.xcassets */,
				325DF75323E417130021BF5A /* LaunchScreen.storyboard */,
				325DF75623E417130021BF5A /* Info.plist */,
			);
			path = StackOverflow;
			sourceTree = "<group>";
		};
		525B11E1705A7B075A3C8692 /* Frameworks */ = {
			isa = PBXGroup;
			children = (
				291EC0F585DF2EB66E2119CB /* Pods_StackOverflow.framework */,
			);
			name = Frameworks;
			sourceTree = "<group>";
		};
		8F4456642C5DE69140911697 /* Pods */ = {
			isa = PBXGroup;
			children = (
				04C0B14A5D2D1FC1FF889A60 /* Pods-StackOverflow.debug.xcconfig */,
				EE553451D47BB296353C5A19 /* Pods-StackOverflow.release.xcconfig */,
			);
			path = Pods;
			sourceTree = "<group>";
		};
/* End PBXGroup section */

/* Begin PBXNativeTarget section */
		325DF74423E417100021BF5A /* StackOverflow */ = {
			isa = PBXNativeTarget;
			buildConfigurationList = 325DF75923E417130021BF5A /* Build configuration list for PBXNativeTarget "StackOverflow" */;
			buildPhases = (
				5FA57F4E9CC75A15B1D3FE5A /* [CP] Check Pods Manifest.lock */,
				325DF74123E417100021BF5A /* Sources */,
				325DF74223E417100021BF5A /* Frameworks */,
				325DF74323E417100021BF5A /* Resources */,
				B9282564F8F4F59F58AF1E7F /* [CP] Embed Pods Frameworks */,
			);
			buildRules = (
			);
			dependencies = (
			);
			name = StackOverflow;
			productName = StackOverflow;
			productReference = 325DF74523E417100021BF5A /* StackOverflow.app */;
			productType = "com.apple.product-type.application";
		};
/* End PBXNativeTarget section */

/* Begin PBXProject section */
		325DF73D23E417100021BF5A /* Project object */ = {
			isa = PBXProject;
			attributes = {
				LastSwiftUpdateCheck = 1130;
				LastUpgradeCheck = 1130;
				ORGANIZATIONNAME = sai;
				TargetAttributes = {
					325DF74423E417100021BF5A = {
						CreatedOnToolsVersion = 11.3.1;
					};
				};
			};
			buildConfigurationList = 325DF74023E417100021BF5A /* Build configuration list for PBXProject "StackOverflow" */;
			compatibilityVersion = "Xcode 9.3";
			developmentRegion = en;
			hasScannedForEncodings = 0;
			knownRegions = (
				en,
				Base,
			);
			mainGroup = 325DF73C23E417100021BF5A;
			productRefGroup = 325DF74623E417100021BF5A /* Products */;
			projectDirPath = "";
			projectRoot = "";
			targets = (
				325DF74423E417100021BF5A /* StackOverflow */,
			);
		};
/* End PBXProject section */

/* Begin PBXResourcesBuildPhase section */
		325DF74323E417100021BF5A /* Resources */ = {
			isa = PBXResourcesBuildPhase;
			buildActionMask = 2147483647;
			files = (
				325DF75523E417130021BF5A /* LaunchScreen.storyboard in Resources */,
				325DF75223E417130021BF5A /* Assets.xcassets in Resources */,
				325DF75023E417100021BF5A /* Main.storyboard in Resources */,
			);
			runOnlyForDeploymentPostprocessing = 0;
		};
/* End PBXResourcesBuildPhase section */

/* Begin PBXShellScriptBuildPhase section */
		5FA57F4E9CC75A15B1D3FE5A /* [CP] Check Pods Manifest.lock */ = {
			isa = PBXShellScriptBuildPhase;
			buildActionMask = 2147483647;
			files = (
			);
			inputFileListPaths = (
			);
			inputPaths = (
				"${PODS_PODFILE_DIR_PATH}/Podfile.lock",
				"${PODS_ROOT}/Manifest.lock",
			);
			name = "[CP] Check Pods Manifest.lock";
			outputFileListPaths = (
			);
			outputPaths = (
				"$(DERIVED_FILE_DIR)/Pods-StackOverflow-checkManifestLockResult.txt",
			);
			runOnlyForDeploymentPostprocessing = 0;
			shellPath = /bin/sh;
			shellScript = "diff \"${PODS_PODFILE_DIR_PATH}/Podfile.lock\" \"${PODS_ROOT}/Manifest.lock\" > /dev/null\nif [ $? != 0 ] ; then\n    # print error to STDERR\n    echo \"error: The sandbox is not in sync with the Podfile.lock. Run 'pod install' or update your CocoaPods installation.\" >&2\n    exit 1\nfi\n# This output is used by Xcode 'outputs' to avoid re-running this script phase.\necho \"SUCCESS\" > \"${SCRIPT_OUTPUT_FILE_0}\"\n";
			showEnvVarsInLog = 0;
		};
		B9282564F8F4F59F58AF1E7F /* [CP] Embed Pods Frameworks */ = {
			isa = PBXShellScriptBuildPhase;
			buildActionMask = 2147483647;
			files = (
			);
			inputFileListPaths = (
				"${PODS_ROOT}/Target Support Files/Pods-StackOverflow/Pods-StackOverflow-frameworks-${CONFIGURATION}-input-files.xcfilelist",
			);
			name = "[CP] Embed Pods Frameworks";
			outputFileListPaths = (
				"${PODS_ROOT}/Target Support Files/Pods-StackOverflow/Pods-StackOverflow-frameworks-${CONFIGURATION}-output-files.xcfilelist",
			);
			runOnlyForDeploymentPostprocessing = 0;
			shellPath = /bin/sh;
			shellScript = "\"${PODS_ROOT}/Target Support Files/Pods-StackOverflow/Pods-StackOverflow-frameworks.sh\"\n";
			showEnvVarsInLog = 0;
		};
/* End PBXShellScriptBuildPhase section */

/* Begin PBXSourcesBuildPhase section */
		325DF74123E417100021BF5A /* Sources */ = {
			isa = PBXSourcesBuildPhase;
			buildActionMask = 2147483647;
			files = (
				325DF74D23E417100021BF5A /* ViewController.swift in Sources */,
				32344B2123E4606600CC40F2 /* Question.swift in Sources */,
				32344B1E23E45F7E00CC40F2 /* WebServiceManager.swift in Sources */,
				325DF74923E417100021BF5A /* AppDelegate.swift in Sources */,
				32344B2323E4607A00CC40F2 /* Items.swift in Sources */,
				32344B1B23E45F3800CC40F2 /* UIViewController+Ext.swift in Sources */,
				32344B1823E45F0A00CC40F2 /* Reachability.swift in Sources */,
				32344B1523E45DD800CC40F2 /* Constants.swift in Sources */,
			);
			runOnlyForDeploymentPostprocessing = 0;
		};
/* End PBXSourcesBuildPhase section */

/* Begin PBXVariantGroup section */
		325DF74E23E417100021BF5A /* Main.storyboard */ = {
			isa = PBXVariantGroup;
			children = (
				325DF74F23E417100021BF5A /* Base */,
			);
			name = Main.storyboard;
			sourceTree = "<group>";
		};
		325DF75323E417130021BF5A /* LaunchScreen.storyboard */ = {
			isa = PBXVariantGroup;
			children = (
				325DF75423E417130021BF5A /* Base */,
			);
			name = LaunchScreen.storyboard;
			sourceTree = "<group>";
		};
/* End PBXVariantGroup section */

/* Begin XCBuildConfiguration section */
		325DF75723E417130021BF5A /* Debug */ = {
			isa = XCBuildConfiguration;
			buildSettings = {
				ALWAYS_SEARCH_USER_PATHS = NO;
				CLANG_ANALYZER_NONNULL = YES;
				CLANG_ANALYZER_NUMBER_OBJECT_CONVERSION = YES_AGGRESSIVE;
				CLANG_CXX_LANGUAGE_STANDARD = "gnu++14";
				CLANG_CXX_LIBRARY = "libc++";
				CLANG_ENABLE_MODULES = YES;
				CLANG_ENABLE_OBJC_ARC = YES;
				CLANG_ENABLE_OBJC_WEAK = YES;
				CLANG_WARN_BLOCK_CAPTURE_AUTORELEASING = YES;
				CLANG_WARN_BOOL_CONVERSION = YES;
				CLANG_WARN_COMMA = YES;
				CLANG_WARN_CONSTANT_CONVERSION = YES;
				CLANG_WARN_DEPRECATED_OBJC_IMPLEMENTATIONS = YES;
				CLANG_WARN_DIRECT_OBJC_ISA_USAGE = YES_ERROR;
				CLANG_WARN_DOCUMENTATION_COMMENTS = YES;
				CLANG_WARN_EMPTY_BODY = YES;
				CLANG_WARN_ENUM_CONVERSION = YES;
				CLANG_WARN_INFINITE_RECURSION = YES;
				CLANG_WARN_INT_CONVERSION = YES;
				CLANG_WARN_NON_LITERAL_NULL_CONVERSION = YES;
				CLANG_WARN_OBJC_IMPLICIT_RETAIN_SELF = YES;
				CLANG_WARN_OBJC_LITERAL_CONVERSION = YES;
				CLANG_WARN_OBJC_ROOT_CLASS = YES_ERROR;
				CLANG_WARN_RANGE_LOOP_ANALYSIS = YES;
				CLANG_WARN_STRICT_PROTOTYPES = YES;
				CLANG_WARN_SUSPICIOUS_MOVE = YES;
				CLANG_WARN_UNGUARDED_AVAILABILITY = YES_AGGRESSIVE;
				CLANG_WARN_UNREACHABLE_CODE = YES;
				CLANG_WARN__DUPLICATE_METHOD_MATCH = YES;
				COPY_PHASE_STRIP = NO;
				DEBUG_INFORMATION_FORMAT = dwarf;
				ENABLE_STRICT_OBJC_MSGSEND = YES;
				ENABLE_TESTABILITY = YES;
				GCC_C_LANGUAGE_STANDARD = gnu11;
				GCC_DYNAMIC_NO_PIC = NO;
				GCC_NO_COMMON_BLOCKS = YES;
				GCC_OPTIMIZATION_LEVEL = 0;
				GCC_PREPROCESSOR_DEFINITIONS = (
					"DEBUG=1",
					"$(inherited)",
				);
				GCC_WARN_64_TO_32_BIT_CONVERSION = YES;
				GCC_WARN_ABOUT_RETURN_TYPE = YES_ERROR;
				GCC_WARN_UNDECLARED_SELECTOR = YES;
				GCC_WARN_UNINITIALIZED_AUTOS = YES_AGGRESSIVE;
				GCC_WARN_UNUSED_FUNCTION = YES;
				GCC_WARN_UNUSED_VARIABLE = YES;
				IPHONEOS_DEPLOYMENT_TARGET = 13.2;
				MTL_ENABLE_DEBUG_INFO = INCLUDE_SOURCE;
				MTL_FAST_MATH = YES;
				ONLY_ACTIVE_ARCH = YES;
				SDKROOT = iphoneos;
				SWIFT_ACTIVE_COMPILATION_CONDITIONS = DEBUG;
				SWIFT_OPTIMIZATION_LEVEL = "-Onone";
			};
			name = Debug;
		};
		325DF75823E417130021BF5A /* Release */ = {
			isa = XCBuildConfiguration;
			buildSettings = {
				ALWAYS_SEARCH_USER_PATHS = NO;
				CLANG_ANALYZER_NONNULL = YES;
				CLANG_ANALYZER_NUMBER_OBJECT_CONVERSION = YES_AGGRESSIVE;
				CLANG_CXX_LANGUAGE_STANDARD = "gnu++14";
				CLANG_CXX_LIBRARY = "libc++";
				CLANG_ENABLE_MODULES = YES;
				CLANG_ENABLE_OBJC_ARC = YES;
				CLANG_ENABLE_OBJC_WEAK = YES;
				CLANG_WARN_BLOCK_CAPTURE_AUTORELEASING = YES;
				CLANG_WARN_BOOL_CONVERSION = YES;
				CLANG_WARN_COMMA = YES;
				CLANG_WARN_CONSTANT_CONVERSION = YES;
				CLANG_WARN_DEPRECATED_OBJC_IMPLEMENTATIONS = YES;
				CLANG_WARN_DIRECT_OBJC_ISA_USAGE = YES_ERROR;
				CLANG_WARN_DOCUMENTATION_COMMENTS = YES;
				CLANG_WARN_EMPTY_BODY = YES;
				CLANG_WARN_ENUM_CONVERSION = YES;
				CLANG_WARN_INFINITE_RECURSION = YES;
				CLANG_WARN_INT_CONVERSION = YES;
				CLANG_WARN_NON_LITERAL_NULL_CONVERSION = YES;
				CLANG_WARN_OBJC_IMPLICIT_RETAIN_SELF = YES;
				CLANG_WARN_OBJC_LITERAL_CONVERSION = YES;
				CLANG_WARN_OBJC_ROOT_CLASS = YES_ERROR;
				CLANG_WARN_RANGE_LOOP_ANALYSIS = YES;
				CLANG_WARN_STRICT_PROTOTYPES = YES;
				CLANG_WARN_SUSPICIOUS_MOVE = YES;
				CLANG_WARN_UNGUARDED_AVAILABILITY = YES_AGGRESSIVE;
				CLANG_WARN_UNREACHABLE_CODE = YES;
				CLANG_WARN__DUPLICATE_METHOD_MATCH = YES;
				COPY_PHASE_STRIP = NO;
				DEBUG_INFORMATION_FORMAT = "dwarf-with-dsym";
				ENABLE_NS_ASSERTIONS = NO;
				ENABLE_STRICT_OBJC_MSGSEND = YES;
				GCC_C_LANGUAGE_STANDARD = gnu11;
				GCC_NO_COMMON_BLOCKS = YES;
				GCC_WARN_64_TO_32_BIT_CONVERSION = YES;
				GCC_WARN_ABOUT_RETURN_TYPE = YES_ERROR;
				GCC_WARN_UNDECLARED_SELECTOR = YES;
				GCC_WARN_UNINITIALIZED_AUTOS = YES_AGGRESSIVE;
				GCC_WARN_UNUSED_FUNCTION = YES;
				GCC_WARN_UNUSED_VARIABLE = YES;
				IPHONEOS_DEPLOYMENT_TARGET = 13.2;
				MTL_ENABLE_DEBUG_INFO = NO;
				MTL_FAST_MATH = YES;
				SDKROOT = iphoneos;
				SWIFT_COMPILATION_MODE = wholemodule;
				SWIFT_OPTIMIZATION_LEVEL = "-O";
				VALIDATE_PRODUCT = YES;
			};
			name = Release;
		};
		325DF75A23E417130021BF5A /* Debug */ = {
			isa = XCBuildConfiguration;
			baseConfigurationReference = 04C0B14A5D2D1FC1FF889A60 /* Pods-StackOverflow.debug.xcconfig */;
			buildSettings = {
				ASSETCATALOG_COMPILER_APPICON_NAME = AppIcon;
				CODE_SIGN_STYLE = Automatic;
				INFOPLIST_FILE = StackOverflow/Info.plist;
				IPHONEOS_DEPLOYMENT_TARGET = 12.0;
				LD_RUNPATH_SEARCH_PATHS = (
					"$(inherited)",
					"@executable_path/Frameworks",
				);
				PRODUCT_BUNDLE_IDENTIFIER = com.sai.StackOverflow;
				PRODUCT_NAME = "$(TARGET_NAME)";
				SWIFT_VERSION = 5.0;
				TARGETED_DEVICE_FAMILY = "1,2";
			};
			name = Debug;
		};
		325DF75B23E417130021BF5A /* Release */ = {
			isa = XCBuildConfiguration;
			baseConfigurationReference = EE553451D47BB296353C5A19 /* Pods-StackOverflow.release.xcconfig */;
			buildSettings = {
				ASSETCATALOG_COMPILER_APPICON_NAME = AppIcon;
				CODE_SIGN_STYLE = Automatic;
				INFOPLIST_FILE = StackOverflow/Info.plist;
				IPHONEOS_DEPLOYMENT_TARGET = 12.0;
				LD_RUNPATH_SEARCH_PATHS = (
					"$(inherited)",
					"@executable_path/Frameworks",
				);
				PRODUCT_BUNDLE_IDENTIFIER = com.sai.StackOverflow;
				PRODUCT_NAME = "$(TARGET_NAME)";
				SWIFT_VERSION = 5.0;
				TARGETED_DEVICE_FAMILY = "1,2";
			};
			name = Release;
		};
/* End XCBuildConfiguration section */

/* Begin XCConfigurationList section */
		325DF74023E417100021BF5A /* Build configuration list for PBXProject "StackOverflow" */ = {
			isa = XCConfigurationList;
			buildConfigurations = (
				325DF75723E417130021BF5A /* Debug */,
				325DF75823E417130021BF5A /* Release */,
			);
			defaultConfigurationIsVisible = 0;
			defaultConfigurationName = Release;
		};
		325DF75923E417130021BF5A /* Build configuration list for PBXNativeTarget "StackOverflow" */ = {
			isa = XCConfigurationList;
			buildConfigurations = (
				325DF75A23E417130021BF5A /* Debug */,
				325DF75B23E417130021BF5A /* Release */,
			);
			defaultConfigurationIsVisible = 0;
			defaultConfigurationName = Release;
		};
/* End XCConfigurationList section */
	};
	rootObject = 325DF73D23E417100021BF5A /* Project object */;
}
